// !$*UTF8*$!
{
	archiveVersion = 1;
	classes = {
	};
	objectVersion = 50;
	objects = {

/* Begin PBXBuildFile section */
		5A0DA2372471623500A1C262 /* AlertViewModelTest.swift in Sources */ = {isa = PBXBuildFile; fileRef = 5A0DA2362471623500A1C262 /* AlertViewModelTest.swift */; };
		5A0DA2392471641C00A1C262 /* AlertViewModel.swift in Sources */ = {isa = PBXBuildFile; fileRef = 5A0DA2382471641C00A1C262 /* AlertViewModel.swift */; };
		5A13CF0C24712BE600A19F18 /* AlertingControllerTests.swift in Sources */ = {isa = PBXBuildFile; fileRef = 5A13CF0B24712BE600A19F18 /* AlertingControllerTests.swift */; };
		5A1C40FF246FD1AD0042D269 /* AlertingController.swift in Sources */ = {isa = PBXBuildFile; fileRef = 5A1C40FE246FD1AD0042D269 /* AlertingController.swift */; };
		5A1C4101247030DB0042D269 /* AlertState.swift in Sources */ = {isa = PBXBuildFile; fileRef = 5A1C4100247030DB0042D269 /* AlertState.swift */; };
		5A2AF7152466E492007AAE5D /* AppDelegate.swift in Sources */ = {isa = PBXBuildFile; fileRef = 5A2AF7142466E492007AAE5D /* AppDelegate.swift */; };
		5A2AF7172466E492007AAE5D /* SettingsView.swift in Sources */ = {isa = PBXBuildFile; fileRef = 5A2AF7162466E492007AAE5D /* SettingsView.swift */; };
		5A2AF7192466E495007AAE5D /* Assets.xcassets in Resources */ = {isa = PBXBuildFile; fileRef = 5A2AF7182466E495007AAE5D /* Assets.xcassets */; };
		5A2AF71C2466E495007AAE5D /* Preview Assets.xcassets in Resources */ = {isa = PBXBuildFile; fileRef = 5A2AF71B2466E495007AAE5D /* Preview Assets.xcassets */; };
		5A2AF71F2466E495007AAE5D /* Main.storyboard in Resources */ = {isa = PBXBuildFile; fileRef = 5A2AF71D2466E495007AAE5D /* Main.storyboard */; };
		5A2AF72B2466E495007AAE5D /* yFiTests.swift in Sources */ = {isa = PBXBuildFile; fileRef = 5A2AF72A2466E495007AAE5D /* yFiTests.swift */; };
		5A2AF7362466E495007AAE5D /* yFiUITests.swift in Sources */ = {isa = PBXBuildFile; fileRef = 5A2AF7352466E495007AAE5D /* yFiUITests.swift */; };
		5A503D4B246DAF380070F194 /* StatusItemController.swift in Sources */ = {isa = PBXBuildFile; fileRef = 5A503D4A246DAF380070F194 /* StatusItemController.swift */; };
		5A6C0E4B246831BF0021828A /* SettingsModel.swift in Sources */ = {isa = PBXBuildFile; fileRef = 5A6C0E4A246831BF0021828A /* SettingsModel.swift */; };
		5AC4E64F2466EF47004E7E1A /* WifiController.swift in Sources */ = {isa = PBXBuildFile; fileRef = 5AC4E64E2466EF47004E7E1A /* WifiController.swift */; };
		5ADE85F82471740400A512AF /* Localizable.strings in Resources */ = {isa = PBXBuildFile; fileRef = 5ADE85FA2471740400A512AF /* Localizable.strings */; };
		5AEC9CA52472F86800CD66D8 /* LaunchAtLogin.framework in Frameworks */ = {isa = PBXBuildFile; fileRef = 5AEC9CA42472F86800CD66D8 /* LaunchAtLogin.framework */; };
		5AF404EB247676E7002DAE7D /* Defaults.swift in Sources */ = {isa = PBXBuildFile; fileRef = 5AF404EA247676E7002DAE7D /* Defaults.swift */; };
		5AF404ED2476794E002DAE7D /* Defaults.framework in Frameworks */ = {isa = PBXBuildFile; fileRef = 5AF404EC2476794E002DAE7D /* Defaults.framework */; };
		5AF8F06C246DCC2500C2B702 /* AlertView.swift in Sources */ = {isa = PBXBuildFile; fileRef = 5AF8F06B246DCC2500C2B702 /* AlertView.swift */; };
/* End PBXBuildFile section */

/* Begin PBXContainerItemProxy section */
		5A2AF7272466E495007AAE5D /* PBXContainerItemProxy */ = {
			isa = PBXContainerItemProxy;
			containerPortal = 5A2AF7092466E492007AAE5D /* Project object */;
			proxyType = 1;
			remoteGlobalIDString = 5A2AF7102466E492007AAE5D;
			remoteInfo = yFi;
		};
		5A2AF7322466E495007AAE5D /* PBXContainerItemProxy */ = {
			isa = PBXContainerItemProxy;
			containerPortal = 5A2AF7092466E492007AAE5D /* Project object */;
			proxyType = 1;
			remoteGlobalIDString = 5A2AF7102466E492007AAE5D;
			remoteInfo = yFi;
		};
/* End PBXContainerItemProxy section */

/* Begin PBXFileReference section */
		5A0DA2362471623500A1C262 /* AlertViewModelTest.swift */ = {isa = PBXFileReference; lastKnownFileType = sourcecode.swift; path = AlertViewModelTest.swift; sourceTree = "<group>"; };
		5A0DA2382471641C00A1C262 /* AlertViewModel.swift */ = {isa = PBXFileReference; lastKnownFileType = sourcecode.swift; path = AlertViewModel.swift; sourceTree = "<group>"; };
		5A13CF0B24712BE600A19F18 /* AlertingControllerTests.swift */ = {isa = PBXFileReference; lastKnownFileType = sourcecode.swift; path = AlertingControllerTests.swift; sourceTree = "<group>"; };
		5A1C40FD246FCE240042D269 /* Documentation */ = {isa = PBXFileReference; lastKnownFileType = folder; name = Documentation; path = yFi/Documentation; sourceTree = "<group>"; };
		5A1C40FE246FD1AD0042D269 /* AlertingController.swift */ = {isa = PBXFileReference; lastKnownFileType = sourcecode.swift; path = AlertingController.swift; sourceTree = "<group>"; };
		5A1C4100247030DB0042D269 /* AlertState.swift */ = {isa = PBXFileReference; lastKnownFileType = sourcecode.swift; path = AlertState.swift; sourceTree = "<group>"; };
		5A2AF7112466E492007AAE5D /* yFi.app */ = {isa = PBXFileReference; explicitFileType = wrapper.application; includeInIndex = 0; path = yFi.app; sourceTree = BUILT_PRODUCTS_DIR; };
		5A2AF7142466E492007AAE5D /* AppDelegate.swift */ = {isa = PBXFileReference; lastKnownFileType = sourcecode.swift; path = AppDelegate.swift; sourceTree = "<group>"; };
		5A2AF7162466E492007AAE5D /* SettingsView.swift */ = {isa = PBXFileReference; lastKnownFileType = sourcecode.swift; path = SettingsView.swift; sourceTree = "<group>"; };
		5A2AF7182466E495007AAE5D /* Assets.xcassets */ = {isa = PBXFileReference; lastKnownFileType = folder.assetcatalog; path = Assets.xcassets; sourceTree = "<group>"; };
		5A2AF71B2466E495007AAE5D /* Preview Assets.xcassets */ = {isa = PBXFileReference; lastKnownFileType = folder.assetcatalog; path = "Preview Assets.xcassets"; sourceTree = "<group>"; };
		5A2AF71E2466E495007AAE5D /* Base */ = {isa = PBXFileReference; lastKnownFileType = file.storyboard; name = Base; path = Base.lproj/Main.storyboard; sourceTree = "<group>"; };
		5A2AF7202466E495007AAE5D /* Info.plist */ = {isa = PBXFileReference; lastKnownFileType = text.plist.xml; path = Info.plist; sourceTree = "<group>"; };
		5A2AF7212466E495007AAE5D /* yFi.entitlements */ = {isa = PBXFileReference; lastKnownFileType = text.plist.entitlements; path = yFi.entitlements; sourceTree = "<group>"; };
		5A2AF7262466E495007AAE5D /* yFiTests.xctest */ = {isa = PBXFileReference; explicitFileType = wrapper.cfbundle; includeInIndex = 0; path = yFiTests.xctest; sourceTree = BUILT_PRODUCTS_DIR; };
		5A2AF72A2466E495007AAE5D /* yFiTests.swift */ = {isa = PBXFileReference; lastKnownFileType = sourcecode.swift; path = yFiTests.swift; sourceTree = "<group>"; };
		5A2AF72C2466E495007AAE5D /* Info.plist */ = {isa = PBXFileReference; lastKnownFileType = text.plist.xml; path = Info.plist; sourceTree = "<group>"; };
		5A2AF7312466E495007AAE5D /* yFiUITests.xctest */ = {isa = PBXFileReference; explicitFileType = wrapper.cfbundle; includeInIndex = 0; path = yFiUITests.xctest; sourceTree = BUILT_PRODUCTS_DIR; };
		5A2AF7352466E495007AAE5D /* yFiUITests.swift */ = {isa = PBXFileReference; lastKnownFileType = sourcecode.swift; path = yFiUITests.swift; sourceTree = "<group>"; };
		5A2AF7372466E495007AAE5D /* Info.plist */ = {isa = PBXFileReference; lastKnownFileType = text.plist.xml; path = Info.plist; sourceTree = "<group>"; };
		5A503D4A246DAF380070F194 /* StatusItemController.swift */ = {isa = PBXFileReference; lastKnownFileType = sourcecode.swift; path = StatusItemController.swift; sourceTree = "<group>"; };
		5A6C0E4A246831BF0021828A /* SettingsModel.swift */ = {isa = PBXFileReference; lastKnownFileType = sourcecode.swift; path = SettingsModel.swift; sourceTree = "<group>"; };
		5AC4E64E2466EF47004E7E1A /* WifiController.swift */ = {isa = PBXFileReference; lastKnownFileType = sourcecode.swift; path = WifiController.swift; sourceTree = "<group>"; };
		5ADE85F92471740400A512AF /* en */ = {isa = PBXFileReference; lastKnownFileType = text.plist.strings; name = en; path = en.lproj/Localizable.strings; sourceTree = "<group>"; };
		5ADE85FB247175AA00A512AF /* de */ = {isa = PBXFileReference; lastKnownFileType = text.plist.strings; name = de; path = de.lproj/Main.strings; sourceTree = "<group>"; };
		5ADE85FC247175AA00A512AF /* de */ = {isa = PBXFileReference; lastKnownFileType = text.plist.strings; name = de; path = de.lproj/Localizable.strings; sourceTree = "<group>"; };
		5AEC9CA42472F86800CD66D8 /* LaunchAtLogin.framework */ = {isa = PBXFileReference; lastKnownFileType = wrapper.framework; name = LaunchAtLogin.framework; path = Carthage/Build/Mac/LaunchAtLogin.framework; sourceTree = "<group>"; };
		5AF404EA247676E7002DAE7D /* Defaults.swift */ = {isa = PBXFileReference; lastKnownFileType = sourcecode.swift; path = Defaults.swift; sourceTree = "<group>"; };
		5AF404EC2476794E002DAE7D /* Defaults.framework */ = {isa = PBXFileReference; lastKnownFileType = wrapper.framework; name = Defaults.framework; path = Carthage/Build/Mac/Defaults.framework; sourceTree = "<group>"; };
		5AF8F06B246DCC2500C2B702 /* AlertView.swift */ = {isa = PBXFileReference; lastKnownFileType = sourcecode.swift; path = AlertView.swift; sourceTree = "<group>"; };
/* End PBXFileReference section */

/* Begin PBXFrameworksBuildPhase section */
		5A2AF70E2466E492007AAE5D /* Frameworks */ = {
			isa = PBXFrameworksBuildPhase;
			buildActionMask = 2147483647;
			files = (
				5AF404ED2476794E002DAE7D /* Defaults.framework in Frameworks */,
				5AEC9CA52472F86800CD66D8 /* LaunchAtLogin.framework in Frameworks */,
			);
			runOnlyForDeploymentPostprocessing = 0;
		};
		5A2AF7232466E495007AAE5D /* Frameworks */ = {
			isa = PBXFrameworksBuildPhase;
			buildActionMask = 2147483647;
			files = (
			);
			runOnlyForDeploymentPostprocessing = 0;
		};
		5A2AF72E2466E495007AAE5D /* Frameworks */ = {
			isa = PBXFrameworksBuildPhase;
			buildActionMask = 2147483647;
			files = (
			);
			runOnlyForDeploymentPostprocessing = 0;
		};
/* End PBXFrameworksBuildPhase section */

/* Begin PBXGroup section */
		5A2AF7082466E492007AAE5D = {
			isa = PBXGroup;
			children = (
				5A1C40FD246FCE240042D269 /* Documentation */,
				5A2AF7132466E492007AAE5D /* yFi */,
				5A2AF7292466E495007AAE5D /* yFiTests */,
				5A2AF7342466E495007AAE5D /* yFiUITests */,
				5A2AF7122466E492007AAE5D /* Products */,
				5AF404EC2476794E002DAE7D /* Defaults.framework */,
				5AEC9CA42472F86800CD66D8 /* LaunchAtLogin.framework */,
			);
			sourceTree = "<group>";
		};
		5A2AF7122466E492007AAE5D /* Products */ = {
			isa = PBXGroup;
			children = (
				5A2AF7112466E492007AAE5D /* yFi.app */,
				5A2AF7262466E495007AAE5D /* yFiTests.xctest */,
				5A2AF7312466E495007AAE5D /* yFiUITests.xctest */,
			);
			name = Products;
			sourceTree = "<group>";
		};
		5A2AF7132466E492007AAE5D /* yFi */ = {
			isa = PBXGroup;
			children = (
				5A503D49246DAF280070F194 /* Status Item */,
				5A503D46246DA4B40070F194 /* Alerting */,
				5A6C0E49246831680021828A /* Data */,
				5AFD17CA246EDCD600899DA3 /* WiFi */,
				5A2AF7142466E492007AAE5D /* AppDelegate.swift */,
				5A2AF7182466E495007AAE5D /* Assets.xcassets */,
				5A2AF71D2466E495007AAE5D /* Main.storyboard */,
				5A2AF7202466E495007AAE5D /* Info.plist */,
				5A2AF7212466E495007AAE5D /* yFi.entitlements */,
				5A2AF71A2466E495007AAE5D /* Preview Content */,
				5ADE85FA2471740400A512AF /* Localizable.strings */,
			);
			path = yFi;
			sourceTree = "<group>";
		};
		5A2AF71A2466E495007AAE5D /* Preview Content */ = {
			isa = PBXGroup;
			children = (
				5A2AF71B2466E495007AAE5D /* Preview Assets.xcassets */,
			);
			path = "Preview Content";
			sourceTree = "<group>";
		};
		5A2AF7292466E495007AAE5D /* yFiTests */ = {
			isa = PBXGroup;
			children = (
				5A2AF72A2466E495007AAE5D /* yFiTests.swift */,
				5A2AF72C2466E495007AAE5D /* Info.plist */,
				5A13CF0B24712BE600A19F18 /* AlertingControllerTests.swift */,
				5A0DA2362471623500A1C262 /* AlertViewModelTest.swift */,
			);
			path = yFiTests;
			sourceTree = "<group>";
		};
		5A2AF7342466E495007AAE5D /* yFiUITests */ = {
			isa = PBXGroup;
			children = (
				5A2AF7352466E495007AAE5D /* yFiUITests.swift */,
				5A2AF7372466E495007AAE5D /* Info.plist */,
			);
			path = yFiUITests;
			sourceTree = "<group>";
		};
		5A503D46246DA4B40070F194 /* Alerting */ = {
			isa = PBXGroup;
			children = (
				5A1C40FE246FD1AD0042D269 /* AlertingController.swift */,
			);
			path = Alerting;
			sourceTree = "<group>";
		};
		5A503D49246DAF280070F194 /* Status Item */ = {
			isa = PBXGroup;
			children = (
				5A503D4A246DAF380070F194 /* StatusItemController.swift */,
				5AF8F06B246DCC2500C2B702 /* AlertView.swift */,
				5A2AF7162466E492007AAE5D /* SettingsView.swift */,
			);
			path = "Status Item";
			sourceTree = "<group>";
		};
		5A6C0E49246831680021828A /* Data */ = {
			isa = PBXGroup;
			children = (
				5A6C0E4A246831BF0021828A /* SettingsModel.swift */,
				5A1C4100247030DB0042D269 /* AlertState.swift */,
				5A0DA2382471641C00A1C262 /* AlertViewModel.swift */,
				5AF404EA247676E7002DAE7D /* Defaults.swift */,
			);
			path = Data;
			sourceTree = "<group>";
		};
		5AFD17CA246EDCD600899DA3 /* WiFi */ = {
			isa = PBXGroup;
			children = (
				5AC4E64E2466EF47004E7E1A /* WifiController.swift */,
			);
			path = WiFi;
			sourceTree = "<group>";
		};
/* End PBXGroup section */

/* Begin PBXNativeTarget section */
		5A2AF7102466E492007AAE5D /* yFi */ = {
			isa = PBXNativeTarget;
			buildConfigurationList = 5A2AF73A2466E495007AAE5D /* Build configuration list for PBXNativeTarget "yFi" */;
			buildPhases = (
				5A2AF70D2466E492007AAE5D /* Sources */,
				5A2AF70E2466E492007AAE5D /* Frameworks */,
				5A2AF70F2466E492007AAE5D /* Resources */,
				5AEC9CA62472F88F00CD66D8 /* Embed Frameworks */,
				5AEC9CA72472F90200CD66D8 /* Copy LaunchAtLogin Helper */,
			);
			buildRules = (
			);
			dependencies = (
			);
			name = yFi;
			productName = yFi;
			productReference = 5A2AF7112466E492007AAE5D /* yFi.app */;
			productType = "com.apple.product-type.application";
		};
		5A2AF7252466E495007AAE5D /* yFiTests */ = {
			isa = PBXNativeTarget;
			buildConfigurationList = 5A2AF73D2466E495007AAE5D /* Build configuration list for PBXNativeTarget "yFiTests" */;
			buildPhases = (
				5A2AF7222466E495007AAE5D /* Sources */,
				5A2AF7232466E495007AAE5D /* Frameworks */,
				5A2AF7242466E495007AAE5D /* Resources */,
			);
			buildRules = (
			);
			dependencies = (
				5A2AF7282466E495007AAE5D /* PBXTargetDependency */,
			);
			name = yFiTests;
			productName = yFiTests;
			productReference = 5A2AF7262466E495007AAE5D /* yFiTests.xctest */;
			productType = "com.apple.product-type.bundle.unit-test";
		};
		5A2AF7302466E495007AAE5D /* yFiUITests */ = {
			isa = PBXNativeTarget;
			buildConfigurationList = 5A2AF7402466E495007AAE5D /* Build configuration list for PBXNativeTarget "yFiUITests" */;
			buildPhases = (
				5A2AF72D2466E495007AAE5D /* Sources */,
				5A2AF72E2466E495007AAE5D /* Frameworks */,
				5A2AF72F2466E495007AAE5D /* Resources */,
			);
			buildRules = (
			);
			dependencies = (
				5A2AF7332466E495007AAE5D /* PBXTargetDependency */,
			);
			name = yFiUITests;
			productName = yFiUITests;
			productReference = 5A2AF7312466E495007AAE5D /* yFiUITests.xctest */;
			productType = "com.apple.product-type.bundle.ui-testing";
		};
/* End PBXNativeTarget section */

/* Begin PBXProject section */
		5A2AF7092466E492007AAE5D /* Project object */ = {
			isa = PBXProject;
			attributes = {
				LastSwiftUpdateCheck = 1140;
				LastUpgradeCheck = 1140;
				ORGANIZATIONNAME = Coderose;
				TargetAttributes = {
					5A2AF7102466E492007AAE5D = {
						CreatedOnToolsVersion = 11.4.1;
					};
					5A2AF7252466E495007AAE5D = {
						CreatedOnToolsVersion = 11.4.1;
						TestTargetID = 5A2AF7102466E492007AAE5D;
					};
					5A2AF7302466E495007AAE5D = {
						CreatedOnToolsVersion = 11.4.1;
						TestTargetID = 5A2AF7102466E492007AAE5D;
					};
				};
			};
			buildConfigurationList = 5A2AF70C2466E492007AAE5D /* Build configuration list for PBXProject "yFi" */;
			compatibilityVersion = "Xcode 9.3";
			developmentRegion = en;
			hasScannedForEncodings = 0;
			knownRegions = (
				en,
				Base,
				de,
			);
			mainGroup = 5A2AF7082466E492007AAE5D;
			productRefGroup = 5A2AF7122466E492007AAE5D /* Products */;
			projectDirPath = "";
			projectRoot = "";
			targets = (
				5A2AF7102466E492007AAE5D /* yFi */,
				5A2AF7252466E495007AAE5D /* yFiTests */,
				5A2AF7302466E495007AAE5D /* yFiUITests */,
			);
		};
/* End PBXProject section */

/* Begin PBXResourcesBuildPhase section */
		5A2AF70F2466E492007AAE5D /* Resources */ = {
			isa = PBXResourcesBuildPhase;
			buildActionMask = 2147483647;
			files = (
				5ADE85F82471740400A512AF /* Localizable.strings in Resources */,
				5A2AF71F2466E495007AAE5D /* Main.storyboard in Resources */,
				5A2AF71C2466E495007AAE5D /* Preview Assets.xcassets in Resources */,
				5A2AF7192466E495007AAE5D /* Assets.xcassets in Resources */,
			);
			runOnlyForDeploymentPostprocessing = 0;
		};
		5A2AF7242466E495007AAE5D /* Resources */ = {
			isa = PBXResourcesBuildPhase;
			buildActionMask = 2147483647;
			files = (
			);
			runOnlyForDeploymentPostprocessing = 0;
		};
		5A2AF72F2466E495007AAE5D /* Resources */ = {
			isa = PBXResourcesBuildPhase;
			buildActionMask = 2147483647;
			files = (
			);
			runOnlyForDeploymentPostprocessing = 0;
		};
/* End PBXResourcesBuildPhase section */

/* Begin PBXShellScriptBuildPhase section */
		5AEC9CA62472F88F00CD66D8 /* Embed Frameworks */ = {
			isa = PBXShellScriptBuildPhase;
			buildActionMask = 2147483647;
			files = (
			);
			inputFileListPaths = (
			);
			inputPaths = (
				"$(SRCROOT)/Carthage/Build/Mac/LaunchAtLogin.framework",
				"$(SRCROOT)/Carthage/Build/Mac/Defaults.framework",
			);
			name = "Embed Frameworks";
			outputFileListPaths = (
			);
			outputPaths = (
				"$(BUILT_PRODUCTS_DIR)/$(FRAMEWORKS_FOLDER_PATH)/LaunchAtLogin.framework",
				"$(BUILT_PRODUCTS_DIR)/$(FRAMEWORKS_FOLDER_PATH)/Defaults.framework",
			);
			runOnlyForDeploymentPostprocessing = 0;
			shellPath = /bin/sh;
			shellScript = "/usr/local/bin/carthage copy-frameworks\n";
		};
		5AEC9CA72472F90200CD66D8 /* Copy LaunchAtLogin Helper */ = {
			isa = PBXShellScriptBuildPhase;
			buildActionMask = 2147483647;
			files = (
			);
			inputFileListPaths = (
			);
			inputPaths = (
			);
			name = "Copy LaunchAtLogin Helper";
			outputFileListPaths = (
			);
			outputPaths = (
			);
			runOnlyForDeploymentPostprocessing = 0;
			shellPath = /bin/sh;
			shellScript = "${PROJECT_DIR}/Carthage/Build/Mac/LaunchAtLogin.framework/Resources/copy-helper.sh\n";
		};
/* End PBXShellScriptBuildPhase section */

/* Begin PBXSourcesBuildPhase section */
		5A2AF70D2466E492007AAE5D /* Sources */ = {
			isa = PBXSourcesBuildPhase;
			buildActionMask = 2147483647;
			files = (
				5AC4E64F2466EF47004E7E1A /* WifiController.swift in Sources */,
				5A2AF7172466E492007AAE5D /* SettingsView.swift in Sources */,
				5A503D4B246DAF380070F194 /* StatusItemController.swift in Sources */,
				5A0DA2392471641C00A1C262 /* AlertViewModel.swift in Sources */,
				5AF8F06C246DCC2500C2B702 /* AlertView.swift in Sources */,
				5A2AF7152466E492007AAE5D /* AppDelegate.swift in Sources */,
				5A1C4101247030DB0042D269 /* AlertState.swift in Sources */,
				5AF404EB247676E7002DAE7D /* Defaults.swift in Sources */,
				5A1C40FF246FD1AD0042D269 /* AlertingController.swift in Sources */,
				5A6C0E4B246831BF0021828A /* SettingsModel.swift in Sources */,
			);
			runOnlyForDeploymentPostprocessing = 0;
		};
		5A2AF7222466E495007AAE5D /* Sources */ = {
			isa = PBXSourcesBuildPhase;
			buildActionMask = 2147483647;
			files = (
				5A0DA2372471623500A1C262 /* AlertViewModelTest.swift in Sources */,
				5A2AF72B2466E495007AAE5D /* yFiTests.swift in Sources */,
				5A13CF0C24712BE600A19F18 /* AlertingControllerTests.swift in Sources */,
			);
			runOnlyForDeploymentPostprocessing = 0;
		};
		5A2AF72D2466E495007AAE5D /* Sources */ = {
			isa = PBXSourcesBuildPhase;
			buildActionMask = 2147483647;
			files = (
				5A2AF7362466E495007AAE5D /* yFiUITests.swift in Sources */,
			);
			runOnlyForDeploymentPostprocessing = 0;
		};
/* End PBXSourcesBuildPhase section */

/* Begin PBXTargetDependency section */
		5A2AF7282466E495007AAE5D /* PBXTargetDependency */ = {
			isa = PBXTargetDependency;
			target = 5A2AF7102466E492007AAE5D /* yFi */;
			targetProxy = 5A2AF7272466E495007AAE5D /* PBXContainerItemProxy */;
		};
		5A2AF7332466E495007AAE5D /* PBXTargetDependency */ = {
			isa = PBXTargetDependency;
			target = 5A2AF7102466E492007AAE5D /* yFi */;
			targetProxy = 5A2AF7322466E495007AAE5D /* PBXContainerItemProxy */;
		};
/* End PBXTargetDependency section */

/* Begin PBXVariantGroup section */
		5A2AF71D2466E495007AAE5D /* Main.storyboard */ = {
			isa = PBXVariantGroup;
			children = (
				5A2AF71E2466E495007AAE5D /* Base */,
				5ADE85FB247175AA00A512AF /* de */,
			);
			name = Main.storyboard;
			sourceTree = "<group>";
		};
		5ADE85FA2471740400A512AF /* Localizable.strings */ = {
			isa = PBXVariantGroup;
			children = (
				5ADE85F92471740400A512AF /* en */,
				5ADE85FC247175AA00A512AF /* de */,
			);
			name = Localizable.strings;
			sourceTree = "<group>";
		};
/* End PBXVariantGroup section */

/* Begin XCBuildConfiguration section */
		5A2AF7382466E495007AAE5D /* Debug */ = {
			isa = XCBuildConfiguration;
			buildSettings = {
				ALWAYS_SEARCH_USER_PATHS = NO;
				CLANG_ANALYZER_LOCALIZABILITY_NONLOCALIZED = YES;
				CLANG_ANALYZER_NONNULL = YES;
				CLANG_ANALYZER_NUMBER_OBJECT_CONVERSION = YES_AGGRESSIVE;
				CLANG_CXX_LANGUAGE_STANDARD = "gnu++14";
				CLANG_CXX_LIBRARY = "libc++";
				CLANG_ENABLE_MODULES = YES;
				CLANG_ENABLE_OBJC_ARC = YES;
				CLANG_ENABLE_OBJC_WEAK = YES;
				CLANG_WARN_BLOCK_CAPTURE_AUTORELEASING = YES;
				CLANG_WARN_BOOL_CONVERSION = YES;
				CLANG_WARN_COMMA = YES;
				CLANG_WARN_CONSTANT_CONVERSION = YES;
				CLANG_WARN_DEPRECATED_OBJC_IMPLEMENTATIONS = YES;
				CLANG_WARN_DIRECT_OBJC_ISA_USAGE = YES_ERROR;
				CLANG_WARN_DOCUMENTATION_COMMENTS = YES;
				CLANG_WARN_EMPTY_BODY = YES;
				CLANG_WARN_ENUM_CONVERSION = YES;
				CLANG_WARN_INFINITE_RECURSION = YES;
				CLANG_WARN_INT_CONVERSION = YES;
				CLANG_WARN_NON_LITERAL_NULL_CONVERSION = YES;
				CLANG_WARN_OBJC_IMPLICIT_RETAIN_SELF = YES;
				CLANG_WARN_OBJC_LITERAL_CONVERSION = YES;
				CLANG_WARN_OBJC_ROOT_CLASS = YES_ERROR;
				CLANG_WARN_RANGE_LOOP_ANALYSIS = YES;
				CLANG_WARN_STRICT_PROTOTYPES = YES;
				CLANG_WARN_SUSPICIOUS_MOVE = YES;
				CLANG_WARN_UNGUARDED_AVAILABILITY = YES_AGGRESSIVE;
				CLANG_WARN_UNREACHABLE_CODE = YES;
				CLANG_WARN__DUPLICATE_METHOD_MATCH = YES;
				COPY_PHASE_STRIP = NO;
				DEBUG_INFORMATION_FORMAT = dwarf;
				ENABLE_STRICT_OBJC_MSGSEND = YES;
				ENABLE_TESTABILITY = YES;
				GCC_C_LANGUAGE_STANDARD = gnu11;
				GCC_DYNAMIC_NO_PIC = NO;
				GCC_NO_COMMON_BLOCKS = YES;
				GCC_OPTIMIZATION_LEVEL = 0;
				GCC_PREPROCESSOR_DEFINITIONS = (
					"DEBUG=1",
					"$(inherited)",
				);
				GCC_WARN_64_TO_32_BIT_CONVERSION = YES;
				GCC_WARN_ABOUT_RETURN_TYPE = YES_ERROR;
				GCC_WARN_UNDECLARED_SELECTOR = YES;
				GCC_WARN_UNINITIALIZED_AUTOS = YES_AGGRESSIVE;
				GCC_WARN_UNUSED_FUNCTION = YES;
				GCC_WARN_UNUSED_VARIABLE = YES;
				MACOSX_DEPLOYMENT_TARGET = 10.15;
				MTL_ENABLE_DEBUG_INFO = INCLUDE_SOURCE;
				MTL_FAST_MATH = YES;
				ONLY_ACTIVE_ARCH = YES;
				SDKROOT = macosx;
				SWIFT_ACTIVE_COMPILATION_CONDITIONS = DEBUG;
				SWIFT_OPTIMIZATION_LEVEL = "-Onone";
			};
			name = Debug;
		};
		5A2AF7392466E495007AAE5D /* Release */ = {
			isa = XCBuildConfiguration;
			buildSettings = {
				ALWAYS_SEARCH_USER_PATHS = NO;
				CLANG_ANALYZER_LOCALIZABILITY_NONLOCALIZED = YES;
				CLANG_ANALYZER_NONNULL = YES;
				CLANG_ANALYZER_NUMBER_OBJECT_CONVERSION = YES_AGGRESSIVE;
				CLANG_CXX_LANGUAGE_STANDARD = "gnu++14";
				CLANG_CXX_LIBRARY = "libc++";
				CLANG_ENABLE_MODULES = YES;
				CLANG_ENABLE_OBJC_ARC = YES;
				CLANG_ENABLE_OBJC_WEAK = YES;
				CLANG_WARN_BLOCK_CAPTURE_AUTORELEASING = YES;
				CLANG_WARN_BOOL_CONVERSION = YES;
				CLANG_WARN_COMMA = YES;
				CLANG_WARN_CONSTANT_CONVERSION = YES;
				CLANG_WARN_DEPRECATED_OBJC_IMPLEMENTATIONS = YES;
				CLANG_WARN_DIRECT_OBJC_ISA_USAGE = YES_ERROR;
				CLANG_WARN_DOCUMENTATION_COMMENTS = YES;
				CLANG_WARN_EMPTY_BODY = YES;
				CLANG_WARN_ENUM_CONVERSION = YES;
				CLANG_WARN_INFINITE_RECURSION = YES;
				CLANG_WARN_INT_CONVERSION = YES;
				CLANG_WARN_NON_LITERAL_NULL_CONVERSION = YES;
				CLANG_WARN_OBJC_IMPLICIT_RETAIN_SELF = YES;
				CLANG_WARN_OBJC_LITERAL_CONVERSION = YES;
				CLANG_WARN_OBJC_ROOT_CLASS = YES_ERROR;
				CLANG_WARN_RANGE_LOOP_ANALYSIS = YES;
				CLANG_WARN_STRICT_PROTOTYPES = YES;
				CLANG_WARN_SUSPICIOUS_MOVE = YES;
				CLANG_WARN_UNGUARDED_AVAILABILITY = YES_AGGRESSIVE;
				CLANG_WARN_UNREACHABLE_CODE = YES;
				CLANG_WARN__DUPLICATE_METHOD_MATCH = YES;
				COPY_PHASE_STRIP = NO;
				DEBUG_INFORMATION_FORMAT = "dwarf-with-dsym";
				ENABLE_NS_ASSERTIONS = NO;
				ENABLE_STRICT_OBJC_MSGSEND = YES;
				GCC_C_LANGUAGE_STANDARD = gnu11;
				GCC_NO_COMMON_BLOCKS = YES;
				GCC_WARN_64_TO_32_BIT_CONVERSION = YES;
				GCC_WARN_ABOUT_RETURN_TYPE = YES_ERROR;
				GCC_WARN_UNDECLARED_SELECTOR = YES;
				GCC_WARN_UNINITIALIZED_AUTOS = YES_AGGRESSIVE;
				GCC_WARN_UNUSED_FUNCTION = YES;
				GCC_WARN_UNUSED_VARIABLE = YES;
				MACOSX_DEPLOYMENT_TARGET = 10.15;
				MTL_ENABLE_DEBUG_INFO = NO;
				MTL_FAST_MATH = YES;
				SDKROOT = macosx;
				SWIFT_COMPILATION_MODE = wholemodule;
				SWIFT_OPTIMIZATION_LEVEL = "-O";
			};
			name = Release;
		};
		5A2AF73B2466E495007AAE5D /* Debug */ = {
			isa = XCBuildConfiguration;
			buildSettings = {
				ASSETCATALOG_COMPILER_APPICON_NAME = AppIcon;
				CODE_SIGN_ENTITLEMENTS = yFi/yFi.entitlements;
				CODE_SIGN_IDENTITY = "Apple Development";
				CODE_SIGN_STYLE = Automatic;
				COMBINE_HIDPI_IMAGES = YES;
				DEVELOPMENT_ASSET_PATHS = "\"yFi/Preview Content\"";
				DEVELOPMENT_TEAM = L2X96F9T8M;
				ENABLE_PREVIEWS = YES;
				FRAMEWORK_SEARCH_PATHS = (
					"$(inherited)",
					"$(PROJECT_DIR)/Carthage/Build/Mac",
				);
				INFOPLIST_FILE = yFi/Info.plist;
				LD_RUNPATH_SEARCH_PATHS = (
					"$(inherited)",
					"@executable_path/../Frameworks",
				);
				MACOSX_DEPLOYMENT_TARGET = 10.15;
				PRODUCT_BUNDLE_IDENTIFIER = io.coderose.apps.yfi;
				PRODUCT_NAME = "$(TARGET_NAME)";
				PROVISIONING_PROFILE_SPECIFIER = "";
				SWIFT_VERSION = 5.0;
			};
			name = Debug;
		};
		5A2AF73C2466E495007AAE5D /* Release */ = {
			isa = XCBuildConfiguration;
			buildSettings = {
				ASSETCATALOG_COMPILER_APPICON_NAME = AppIcon;
				CODE_SIGN_ENTITLEMENTS = yFi/yFi.entitlements;
				CODE_SIGN_IDENTITY = "Apple Development";
				CODE_SIGN_STYLE = Automatic;
				COMBINE_HIDPI_IMAGES = YES;
				DEVELOPMENT_ASSET_PATHS = "\"yFi/Preview Content\"";
				DEVELOPMENT_TEAM = L2X96F9T8M;
				ENABLE_PREVIEWS = YES;
				FRAMEWORK_SEARCH_PATHS = (
					"$(inherited)",
					"$(PROJECT_DIR)/Carthage/Build/Mac",
				);
				INFOPLIST_FILE = yFi/Info.plist;
				LD_RUNPATH_SEARCH_PATHS = (
					"$(inherited)",
					"@executable_path/../Frameworks",
				);
				MACOSX_DEPLOYMENT_TARGET = 10.15;
				PRODUCT_BUNDLE_IDENTIFIER = io.coderose.apps.yfi;
				PRODUCT_NAME = "$(TARGET_NAME)";
				PROVISIONING_PROFILE_SPECIFIER = "";
				SWIFT_VERSION = 5.0;
			};
			name = Release;
		};
		5A2AF73E2466E495007AAE5D /* Debug */ = {
			isa = XCBuildConfiguration;
			buildSettings = {
				ALWAYS_EMBED_SWIFT_STANDARD_LIBRARIES = YES;
				BUNDLE_LOADER = "$(TEST_HOST)";
				CODE_SIGN_STYLE = Automatic;
				COMBINE_HIDPI_IMAGES = YES;
				INFOPLIST_FILE = yFiTests/Info.plist;
				LD_RUNPATH_SEARCH_PATHS = (
					"$(inherited)",
					"@executable_path/../Frameworks",
					"@loader_path/../Frameworks",
				);
				MACOSX_DEPLOYMENT_TARGET = 10.15;
				PRODUCT_BUNDLE_IDENTIFIER = io.coderose.yFiTests;
				PRODUCT_NAME = "$(TARGET_NAME)";
				SWIFT_VERSION = 5.0;
				TEST_HOST = "$(BUILT_PRODUCTS_DIR)/yFi.app/Contents/MacOS/yFi";
			};
			name = Debug;
		};
		5A2AF73F2466E495007AAE5D /* Release */ = {
			isa = XCBuildConfiguration;
			buildSettings = {
				ALWAYS_EMBED_SWIFT_STANDARD_LIBRARIES = YES;
				BUNDLE_LOADER = "$(TEST_HOST)";
				CODE_SIGN_STYLE = Automatic;
				COMBINE_HIDPI_IMAGES = YES;
				INFOPLIST_FILE = yFiTests/Info.plist;
				LD_RUNPATH_SEARCH_PATHS = (
					"$(inherited)",
					"@executable_path/../Frameworks",
					"@loader_path/../Frameworks",
				);
				MACOSX_DEPLOYMENT_TARGET = 10.15;
				PRODUCT_BUNDLE_IDENTIFIER = io.coderose.yFiTests;
				PRODUCT_NAME = "$(TARGET_NAME)";
				SWIFT_VERSION = 5.0;
				TEST_HOST = "$(BUILT_PRODUCTS_DIR)/yFi.app/Contents/MacOS/yFi";
			};
			name = Release;
		};
		5A2AF7412466E495007AAE5D /* Debug */ = {
			isa = XCBuildConfiguration;
			buildSettings = {
				ALWAYS_EMBED_SWIFT_STANDARD_LIBRARIES = YES;
				CODE_SIGN_STYLE = Automatic;
				COMBINE_HIDPI_IMAGES = YES;
				INFOPLIST_FILE = yFiUITests/Info.plist;
				LD_RUNPATH_SEARCH_PATHS = (
					"$(inherited)",
					"@executable_path/../Frameworks",
					"@loader_path/../Frameworks",
				);
				PRODUCT_BUNDLE_IDENTIFIER = io.coderose.yFiUITests;
				PRODUCT_NAME = "$(TARGET_NAME)";
				SWIFT_VERSION = 5.0;
				TEST_TARGET_NAME = yFi;
			};
			name = Debug;
		};
		5A2AF7422466E495007AAE5D /* Release */ = {
			isa = XCBuildConfiguration;
			buildSettings = {
				ALWAYS_EMBED_SWIFT_STANDARD_LIBRARIES = YES;
				CODE_SIGN_STYLE = Automatic;
				COMBINE_HIDPI_IMAGES = YES;
				INFOPLIST_FILE = yFiUITests/Info.plist;
				LD_RUNPATH_SEARCH_PATHS = (
					"$(inherited)",
					"@executable_path/../Frameworks",
					"@loader_path/../Frameworks",
				);
				PRODUCT_BUNDLE_IDENTIFIER = io.coderose.yFiUITests;
				PRODUCT_NAME = "$(TARGET_NAME)";
				SWIFT_VERSION = 5.0;
				TEST_TARGET_NAME = yFi;
			};
			name = Release;
		};
/* End XCBuildConfiguration section */

/* Begin XCConfigurationList section */
		5A2AF70C2466E492007AAE5D /* Build configuration list for PBXProject "yFi" */ = {
			isa = XCConfigurationList;
			buildConfigurations = (
				5A2AF7382466E495007AAE5D /* Debug */,
				5A2AF7392466E495007AAE5D /* Release */,
			);
			defaultConfigurationIsVisible = 0;
			defaultConfigurationName = Release;
		};
		5A2AF73A2466E495007AAE5D /* Build configuration list for PBXNativeTarget "yFi" */ = {
			isa = XCConfigurationList;
			buildConfigurations = (
				5A2AF73B2466E495007AAE5D /* Debug */,
				5A2AF73C2466E495007AAE5D /* Release */,
			);
			defaultConfigurationIsVisible = 0;
			defaultConfigurationName = Release;
		};
		5A2AF73D2466E495007AAE5D /* Build configuration list for PBXNativeTarget "yFiTests" */ = {
			isa = XCConfigurationList;
			buildConfigurations = (
				5A2AF73E2466E495007AAE5D /* Debug */,
				5A2AF73F2466E495007AAE5D /* Release */,
			);
			defaultConfigurationIsVisible = 0;
			defaultConfigurationName = Release;
		};
		5A2AF7402466E495007AAE5D /* Build configuration list for PBXNativeTarget "yFiUITests" */ = {
			isa = XCConfigurationList;
			buildConfigurations = (
				5A2AF7412466E495007AAE5D /* Debug */,
				5A2AF7422466E495007AAE5D /* Release */,
			);
			defaultConfigurationIsVisible = 0;
			defaultConfigurationName = Release;
		};
/* End XCConfigurationList section */
	};
	rootObject = 5A2AF7092466E492007AAE5D /* Project object */;
}
